Microsoft Visual Studio Solution File, Format Version 11.00
# Visual Studio 2008

Project("{F4D88991-8BBA-79C6-B2E3-D343D31D8D57}") = "Flyer", "Assembly-CSharp-firstpass.csproj", "{9C95116F-876A-16EB-45A0-7C53B96586BA}"
EndProject
Project("{F4D88991-8BBA-79C6-B2E3-D343D31D8D57}") = "Flyer", "Assembly-CSharp.csproj", "{7E7B8129-C941-0CC3-8800-C14B3330F9E0}"
EndProject
Project("{F4D88991-8BBA-79C6-B2E3-D343D31D8D57}") = "Flyer", "Assembly-CSharp-Editor.csproj", "{62D0BBF4-5901-9494-DF1B-4DFEE73D39AB}"
EndProject
Global
	GlobalSection(SolutionConfigurationPlatforms) = preSolution
		Debug|Any CPU = Debug|Any CPU
		Release|Any CPU = Release|Any CPU
	EndGlobalSection
	GlobalSection(ProjectConfigurationPlatforms) = postSolution
		{9C95116F-876A-16EB-45A0-7C53B96586BA}.Debug|Any CPU.ActiveCfg = Debug|Any CPU
		{9C95116F-876A-16EB-45A0-7C53B96586BA}.Debug|Any CPU.Build.0 = Debug|Any CPU
		{9C95116F-876A-16EB-45A0-7C53B96586BA}.Release|Any CPU.ActiveCfg = Release|Any CPU
		{9C95116F-876A-16EB-45A0-7C53B96586BA}.Release|Any CPU.Build.0 = Release|Any CPU
		{7E7B8129-C941-0CC3-8800-C14B3330F9E0}.Debug|Any CPU.ActiveCfg = Debug|Any CPU
		{7E7B8129-C941-0CC3-8800-C14B3330F9E0}.Debug|Any CPU.Build.0 = Debug|Any CPU
		{7E7B8129-C941-0CC3-8800-C14B3330F9E0}.Release|Any CPU.ActiveCfg = Release|Any CPU
		{7E7B8129-C941-0CC3-8800-C14B3330F9E0}.Release|Any CPU.Build.0 = Release|Any CPU
		{62D0BBF4-5901-9494-DF1B-4DFEE73D39AB}.Debug|Any CPU.ActiveCfg = Debug|Any CPU
		{62D0BBF4-5901-9494-DF1B-4DFEE73D39AB}.Debug|Any CPU.Build.0 = Debug|Any CPU
		{62D0BBF4-5901-9494-DF1B-4DFEE73D39AB}.Release|Any CPU.ActiveCfg = Release|Any CPU
		{62D0BBF4-5901-9494-DF1B-4DFEE73D39AB}.Release|Any CPU.Build.0 = Release|Any CPU
	EndGlobalSection
	GlobalSection(SolutionProperties) = preSolution
		HideSolutionNode = FALSE
	EndGlobalSection
						GlobalSection(MonoDevelopProperties) = preSolution
		StartupItem = Assembly-CSharp.csproj
		Policies = $0
		$0.TextStylePolicy = $1
		$1.inheritsSet = null
		$1.scope = text/x-csharp
		$0.CSharpFormattingPolicy = $2
		$2.inheritsSet = Mono
		$2.inheritsScope = text/x-csharp
		$2.scope = text/x-csharp
		$0.TextStylePolicy = $3
		$3.FileWidth = 120
		$3.TabsToSpaces = False
		$3.EolMarker = Unix
		$3.inheritsSet = VisualStudio
		$3.inheritsScope = text/plain
		$3.scope = text/plain
	EndGlobalSection

EndGlobal
